
Microsoft Visual Studio Solution File, Format Version 12.00
# Visual Studio Version 16
VisualStudioVersion = 16.0.29920.165
MinimumVisualStudioVersion = 10.0.40219.1
Project("{8BC9CEB8-8B4A-11D0-8D11-00A0C91BC942}") = "ProjectSetup", "ProjectSetup\ProjectSetup.vcxproj", "{EE7E8DB9-70C3-492B-8DBB-59B6E1AD8334}"
EndProject
Project("{8BC9CEB8-8B4A-11D0-8D11-00A0C91BC942}") = "Engine", "Engine\Engine.vcxproj", "{06948FFE-D1BA-463F-BFA4-F71F6A79DCF2}"
EndProject
Global
	GlobalSection(SolutionConfigurationPlatforms) = preSolution
		Debug|x64 = Debug|x64
		Debug|x86 = Debug|x86
		Release|x64 = Release|x64
		Release|x86 = Release|x86
	EndGlobalSection
	GlobalSection(ProjectConfigurationPlatforms) = postSolution
		{EE7E8DB9-70C3-492B-8DBB-59B6E1AD8334}.Debug|x64.ActiveCfg = Debug|x64
		{EE7E8DB9-70C3-492B-8DBB-59B6E1AD8334}.Debug|x64.Build.0 = Debug|x64
		{EE7E8DB9-70C3-492B-8DBB-59B6E1AD8334}.Debug|x86.ActiveCfg = Debug|Win32
		{EE7E8DB9-70C3-492B-8DBB-59B6E1AD8334}.Debug|x86.Build.0 = Debug|Win32
		{EE7E8DB9-70C3-492B-8DBB-59B6E1AD8334}.Release|x64.ActiveCfg = Release|x64
		{EE7E8DB9-70C3-492B-8DBB-59B6E1AD8334}.Release|x64.Build.0 = Release|x64
		{EE7E8DB9-70C3-492B-8DBB-59B6E1AD8334}.Release|x86.ActiveCfg = Release|Win32
		{EE7E8DB9-70C3-492B-8DBB-59B6E1AD8334}.Release|x86.Build.0 = Release|Win32
		{06948FFE-D1BA-463F-BFA4-F71F6A79DCF2}.Debug|x64.ActiveCfg = Debug|x64
		{06948FFE-D1BA-463F-BFA4-F71F6A79DCF2}.Debug|x64.Build.0 = Debug|x64
		{06948FFE-D1BA-463F-BFA4-F71F6A79DCF2}.Debug|x86.ActiveCfg = Debug|Win32
		{06948FFE-D1BA-463F-BFA4-F71F6A79DCF2}.Debug|x86.Build.0 = Debug|Win32
		{06948FFE-D1BA-463F-BFA4-F71F6A79DCF2}.Release|x64.ActiveCfg = Release|x64
		{06948FFE-D1BA-463F-BFA4-F71F6A79DCF2}.Release|x64.Build.0 = Release|x64
		{06948FFE-D1BA-463F-BFA4-F71F6A79DCF2}.Release|x86.ActiveCfg = Release|Win32
		{06948FFE-D1BA-463F-BFA4-F71F6A79DCF2}.Release|x86.Build.0 = Release|Win32
	EndGlobalSection
	GlobalSection(SolutionProperties) = preSolution
		HideSolutionNode = FALSE
	EndGlobalSection
	GlobalSection(ExtensibilityGlobals) = postSolution
		SolutionGuid = {DA915F18-1820-41C7-B555-D063A0AF2CE7}
	EndGlobalSection
EndGlobal
